
Microsoft Visual Studio Solution File, Format Version 12.00
# Visual Studio Version 16
VisualStudioVersion = 16.0.31424.327
MinimumVisualStudioVersion = 10.0.40219.1
Project("{FAE04EC0-301F-11D3-BF4B-00C04F79EFBC}") = "CoreDemo", "CoreDemo\CoreDemo.csproj", "{838B0558-FB2D-4E41-88FD-EB79B7677231}"
EndProject
Project("{FAE04EC0-301F-11D3-BF4B-00C04F79EFBC}") = "EntityLayer", "EntityLayer\EntityLayer.csproj", "{3CC4B275-A6B2-4E3E-B6CD-B80D4D58E6D3}"
EndProject
Project("{FAE04EC0-301F-11D3-BF4B-00C04F79EFBC}") = "DataAccessLayer", "DataAccessLayer\DataAccessLayer.csproj", "{529A4B55-44FE-4100-9D8F-83E00EF57518}"
EndProject
Project("{FAE04EC0-301F-11D3-BF4B-00C04F79EFBC}") = "BusinessLayer", "BusinessLayer\BusinessLayer.csproj", "{F0EAD60C-9901-4ACA-ABFC-A3F96DDF5A41}"
EndProject
Project("{FAE04EC0-301F-11D3-BF4B-00C04F79EFBC}") = "CoreLayer", "CoreLayer\CoreLayer.csproj", "{FE167E2F-164D-47BC-944E-CAF9B34EF94C}"
EndProject
Global
	GlobalSection(SolutionConfigurationPlatforms) = preSolution
		Debug|Any CPU = Debug|Any CPU
		Release|Any CPU = Release|Any CPU
	EndGlobalSection
	GlobalSection(ProjectConfigurationPlatforms) = postSolution
		{838B0558-FB2D-4E41-88FD-EB79B7677231}.Debug|Any CPU.ActiveCfg = Debug|Any CPU
		{838B0558-FB2D-4E41-88FD-EB79B7677231}.Debug|Any CPU.Build.0 = Debug|Any CPU
		{838B0558-FB2D-4E41-88FD-EB79B7677231}.Release|Any CPU.ActiveCfg = Release|Any CPU
		{838B0558-FB2D-4E41-88FD-EB79B7677231}.Release|Any CPU.Build.0 = Release|Any CPU
		{3CC4B275-A6B2-4E3E-B6CD-B80D4D58E6D3}.Debug|Any CPU.ActiveCfg = Debug|Any CPU
		{3CC4B275-A6B2-4E3E-B6CD-B80D4D58E6D3}.Debug|Any CPU.Build.0 = Debug|Any CPU
		{3CC4B275-A6B2-4E3E-B6CD-B80D4D58E6D3}.Release|Any CPU.ActiveCfg = Release|Any CPU
		{3CC4B275-A6B2-4E3E-B6CD-B80D4D58E6D3}.Release|Any CPU.Build.0 = Release|Any CPU
		{529A4B55-44FE-4100-9D8F-83E00EF57518}.Debug|Any CPU.ActiveCfg = Debug|Any CPU
		{529A4B55-44FE-4100-9D8F-83E00EF57518}.Debug|Any CPU.Build.0 = Debug|Any CPU
		{529A4B55-44FE-4100-9D8F-83E00EF57518}.Release|Any CPU.ActiveCfg = Release|Any CPU
		{529A4B55-44FE-4100-9D8F-83E00EF57518}.Release|Any CPU.Build.0 = Release|Any CPU
		{F0EAD60C-9901-4ACA-ABFC-A3F96DDF5A41}.Debug|Any CPU.ActiveCfg = Debug|Any CPU
		{F0EAD60C-9901-4ACA-ABFC-A3F96DDF5A41}.Debug|Any CPU.Build.0 = Debug|Any CPU
		{F0EAD60C-9901-4ACA-ABFC-A3F96DDF5A41}.Release|Any CPU.ActiveCfg = Release|Any CPU
		{F0EAD60C-9901-4ACA-ABFC-A3F96DDF5A41}.Release|Any CPU.Build.0 = Release|Any CPU
		{FE167E2F-164D-47BC-944E-CAF9B34EF94C}.Debug|Any CPU.ActiveCfg = Debug|Any CPU
		{FE167E2F-164D-47BC-944E-CAF9B34EF94C}.Debug|Any CPU.Build.0 = Debug|Any CPU
		{FE167E2F-164D-47BC-944E-CAF9B34EF94C}.Release|Any CPU.ActiveCfg = Release|Any CPU
		{FE167E2F-164D-47BC-944E-CAF9B34EF94C}.Release|Any CPU.Build.0 = Release|Any CPU
	EndGlobalSection
	GlobalSection(SolutionProperties) = preSolution
		HideSolutionNode = FALSE
	EndGlobalSection
	GlobalSection(ExtensibilityGlobals) = postSolution
		SolutionGuid = {2077F998-4B21-4EB9-942C-8BC21E29B9E5}
	EndGlobalSection
EndGlobal
